
Microsoft Visual Studio Solution File, Format Version 12.00
# Visual Studio Version 17
VisualStudioVersion = 17.6.33723.286
MinimumVisualStudioVersion = 10.0.40219.1
Project("{FAE04EC0-301F-11D3-BF4B-00C04F79EFBC}") = "Hello World", "Hello World\Hello World.csproj", "{E6888462-D55C-4614-A4BD-65874C6D883A}"
EndProject
Global
	GlobalSection(SolutionConfigurationPlatforms) = preSolution
		Debug|Any CPU = Debug|Any CPU
		Release|Any CPU = Release|Any CPU
	EndGlobalSection
	GlobalSection(ProjectConfigurationPlatforms) = postSolution
		{E6888462-D55C-4614-A4BD-65874C6D883A}.Debug|Any CPU.ActiveCfg = Debug|Any CPU
		{E6888462-D55C-4614-A4BD-65874C6D883A}.Debug|Any CPU.Build.0 = Debug|Any CPU
		{E6888462-D55C-4614-A4BD-65874C6D883A}.Release|Any CPU.ActiveCfg = Release|Any CPU
		{E6888462-D55C-4614-A4BD-65874C6D883A}.Release|Any CPU.Build.0 = Release|Any CPU
	EndGlobalSection
	GlobalSection(SolutionProperties) = preSolution
		HideSolutionNode = FALSE
	EndGlobalSection
	GlobalSection(ExtensibilityGlobals) = postSolution
		SolutionGuid = {48957C8B-8452-4952-9C6B-014799C4E912}
	EndGlobalSection
EndGlobal
